
Microsoft Visual Studio Solution File, Format Version 12.00
# Visual Studio Version 17
VisualStudioVersion = 17.7.34302.85
MinimumVisualStudioVersion = 10.0.40219.1
Project("{FAE04EC0-301F-11D3-BF4B-00C04F79EFBC}") = "FTE2Module1Demonstration", "FTE2Module1Demonstration\FTE2Module1Demonstration.csproj", "{F353AFB1-1E6C-4A30-9010-91B20F63EC97}"
EndProject
Global
	GlobalSection(SolutionConfigurationPlatforms) = preSolution
		Debug|Any CPU = Debug|Any CPU
		Release|Any CPU = Release|Any CPU
	EndGlobalSection
	GlobalSection(ProjectConfigurationPlatforms) = postSolution
		{F353AFB1-1E6C-4A30-9010-91B20F63EC97}.Debug|Any CPU.ActiveCfg = Debug|Any CPU
		{F353AFB1-1E6C-4A30-9010-91B20F63EC97}.Debug|Any CPU.Build.0 = Debug|Any CPU
		{F353AFB1-1E6C-4A30-9010-91B20F63EC97}.Release|Any CPU.ActiveCfg = Release|Any CPU
		{F353AFB1-1E6C-4A30-9010-91B20F63EC97}.Release|Any CPU.Build.0 = Release|Any CPU
	EndGlobalSection
	GlobalSection(SolutionProperties) = preSolution
		HideSolutionNode = FALSE
	EndGlobalSection
	GlobalSection(ExtensibilityGlobals) = postSolution
		SolutionGuid = {B3554F07-F89C-439B-868D-7E319C6F650C}
	EndGlobalSection
EndGlobal
